# THIS IS AN AUTOGENERATED FILE. DO NOT EDIT THIS FILE DIRECTLY.
# yarn lockfile v1


next-seo@^6.6.0:
  version "6.6.0"
  resolved "https://registry.yarnpkg.com/next-seo/-/next-seo-6.6.0.tgz#10c6278cc3be51f9db1ede6780812e5664742974"
  integrity sha512-0VSted/W6XNtgAtH3D+BZrMLLudqfm0D5DYNJRXHcDgan/1ZF1tDFIsWrmvQlYngALyphPfZ3ZdOqlKpKdvG6w==
